
Microsoft Visual Studio Solution File, Format Version 12.00
# Visual Studio Version 17
VisualStudioVersion = 17.7.34003.232
MinimumVisualStudioVersion = 10.0.40219.1
Project("{8BC9CEB8-8B4A-11D0-8D11-00A0C91BC942}") = "Colosseum", "Colosseum\Colosseum.vcxproj", "{19533C22-FB92-4EAE-85A4-AF671AB21EF6}"
EndProject
Global
	GlobalSection(SolutionConfigurationPlatforms) = preSolution
		Debug|x64 = Debug|x64
		Debug|x86 = Debug|x86
		Release|x64 = Release|x64
		Release|x86 = Release|x86
	EndGlobalSection
	GlobalSection(ProjectConfigurationPlatforms) = postSolution
		{19533C22-FB92-4EAE-85A4-AF671AB21EF6}.Debug|x64.ActiveCfg = Debug|x64
		{19533C22-FB92-4EAE-85A4-AF671AB21EF6}.Debug|x64.Build.0 = Debug|x64
		{19533C22-FB92-4EAE-85A4-AF671AB21EF6}.Debug|x86.ActiveCfg = Debug|Win32
		{19533C22-FB92-4EAE-85A4-AF671AB21EF6}.Debug|x86.Build.0 = Debug|Win32
		{19533C22-FB92-4EAE-85A4-AF671AB21EF6}.Release|x64.ActiveCfg = Release|x64
		{19533C22-FB92-4EAE-85A4-AF671AB21EF6}.Release|x64.Build.0 = Release|x64
		{19533C22-FB92-4EAE-85A4-AF671AB21EF6}.Release|x86.ActiveCfg = Release|Win32
		{19533C22-FB92-4EAE-85A4-AF671AB21EF6}.Release|x86.Build.0 = Release|Win32
	EndGlobalSection
	GlobalSection(SolutionProperties) = preSolution
		HideSolutionNode = FALSE
	EndGlobalSection
	GlobalSection(ExtensibilityGlobals) = postSolution
		SolutionGuid = {63DF2F48-22B3-449F-A2F2-262DD37B33AF}
	EndGlobalSection
EndGlobal
